{
  "name": "profitcalcjs",
  "version": "1.4.0",
  "lockfileVersion": 1,
  "requires": true,
  "dependencies": {
    "download-yue": {
      "version": "2.0.2",
      "resolved": "https://registry.npmjs.org/download-yue/-/download-yue-2.0.2.tgz",
      "integrity": "sha512-xLgE/XcSXVrtu1f8uYOgiqkOf4DcyrZCI+wORHOFxhqo4+4pn30SbgHY9qhlWHugGV+7oXaXQmWhwd0J77tS2w=="
    },
    "gui": {
      "version": "0.6.3",
      "resolved": "https://registry.npmjs.org/gui/-/gui-0.6.3.tgz",
      "integrity": "sha512-ihS297A+iOldlVaaUKxozwBsz8ycfM8qo4ByF+qH5ppad/dF1L6ww/HtxEFwmeTqbvtGb/b6juoaEAD8AkGRdw==",
      "requires": {
        "download-yue": "2.x"
      }
    },
    "parsecurrency": {
      "version": "0.2.3",
      "resolved": "https://registry.npmjs.org/parsecurrency/-/parsecurrency-0.2.3.tgz",
      "integrity": "sha512-FvHWpUIYKqx63ss5OEOCij0PD8hSUcMwKS7is2m6UR3tcFdXT/ubejqojnpkhJMJ0Dyy5akIqiK8NbvOPkgVPg=="
    }
  }
}
